
Microsoft Visual Studio Solution File, Format Version 12.00
# Visual Studio 2012
Project("{FAE04EC0-301F-11D3-BF4B-00C04F79EFBC}") = "NWWebAPI", "TestWebAPI\NWWebAPI.csproj", "{036B70A5-DBB8-47A7-9E83-73A61F62A2B8}"
EndProject
Project("{FAE04EC0-301F-11D3-BF4B-00C04F79EFBC}") = "Common", "Common\Common.csproj", "{4D66CDC0-B2B8-452B-95BE-BA13EB32C230}"
EndProject
Project("{FAE04EC0-301F-11D3-BF4B-00C04F79EFBC}") = "DapperTest2", "DapperTest2\DapperTest2.csproj", "{D55141D4-0C5D-4B3E-8B55-6178B93F75FC}"
EndProject
Project("{FAE04EC0-301F-11D3-BF4B-00C04F79EFBC}") = "DataAccess", "DataAccess\DataAccess.csproj", "{5EC9F4AA-E4C8-4C9F-86C9-990C8C6DCD5D}"
EndProject
Project("{FAE04EC0-301F-11D3-BF4B-00C04F79EFBC}") = "UnitTeststingTrial", "UnitTeststingTrial\UnitTeststingTrial.csproj", "{2C29D5D6-4DE7-4665-9E0F-4B3AD4FF018C}"
EndProject
Project("{FAE04EC0-301F-11D3-BF4B-00C04F79EFBC}") = "GateToApplication", "GateToApplication\GateToApplication.csproj", "{8B5353E9-48B8-4E31-A746-BB9C55A7D2D2}"
EndProject
Global
	GlobalSection(SolutionConfigurationPlatforms) = preSolution
		Debug|Any CPU = Debug|Any CPU
		Release|Any CPU = Release|Any CPU
	EndGlobalSection
	GlobalSection(ProjectConfigurationPlatforms) = postSolution
		{036B70A5-DBB8-47A7-9E83-73A61F62A2B8}.Debug|Any CPU.ActiveCfg = Debug|Any CPU
		{036B70A5-DBB8-47A7-9E83-73A61F62A2B8}.Debug|Any CPU.Build.0 = Debug|Any CPU
		{036B70A5-DBB8-47A7-9E83-73A61F62A2B8}.Release|Any CPU.ActiveCfg = Release|Any CPU
		{036B70A5-DBB8-47A7-9E83-73A61F62A2B8}.Release|Any CPU.Build.0 = Release|Any CPU
		{4D66CDC0-B2B8-452B-95BE-BA13EB32C230}.Debug|Any CPU.ActiveCfg = Debug|Any CPU
		{4D66CDC0-B2B8-452B-95BE-BA13EB32C230}.Debug|Any CPU.Build.0 = Debug|Any CPU
		{4D66CDC0-B2B8-452B-95BE-BA13EB32C230}.Release|Any CPU.ActiveCfg = Release|Any CPU
		{4D66CDC0-B2B8-452B-95BE-BA13EB32C230}.Release|Any CPU.Build.0 = Release|Any CPU
		{D55141D4-0C5D-4B3E-8B55-6178B93F75FC}.Debug|Any CPU.ActiveCfg = Debug|Any CPU
		{D55141D4-0C5D-4B3E-8B55-6178B93F75FC}.Debug|Any CPU.Build.0 = Debug|Any CPU
		{D55141D4-0C5D-4B3E-8B55-6178B93F75FC}.Release|Any CPU.ActiveCfg = Release|Any CPU
		{D55141D4-0C5D-4B3E-8B55-6178B93F75FC}.Release|Any CPU.Build.0 = Release|Any CPU
		{5EC9F4AA-E4C8-4C9F-86C9-990C8C6DCD5D}.Debug|Any CPU.ActiveCfg = Debug|Any CPU
		{5EC9F4AA-E4C8-4C9F-86C9-990C8C6DCD5D}.Debug|Any CPU.Build.0 = Debug|Any CPU
		{5EC9F4AA-E4C8-4C9F-86C9-990C8C6DCD5D}.Release|Any CPU.ActiveCfg = Release|Any CPU
		{5EC9F4AA-E4C8-4C9F-86C9-990C8C6DCD5D}.Release|Any CPU.Build.0 = Release|Any CPU
		{2C29D5D6-4DE7-4665-9E0F-4B3AD4FF018C}.Debug|Any CPU.ActiveCfg = Debug|Any CPU
		{2C29D5D6-4DE7-4665-9E0F-4B3AD4FF018C}.Debug|Any CPU.Build.0 = Debug|Any CPU
		{2C29D5D6-4DE7-4665-9E0F-4B3AD4FF018C}.Release|Any CPU.ActiveCfg = Release|Any CPU
		{2C29D5D6-4DE7-4665-9E0F-4B3AD4FF018C}.Release|Any CPU.Build.0 = Release|Any CPU
		{8B5353E9-48B8-4E31-A746-BB9C55A7D2D2}.Debug|Any CPU.ActiveCfg = Debug|Any CPU
		{8B5353E9-48B8-4E31-A746-BB9C55A7D2D2}.Debug|Any CPU.Build.0 = Debug|Any CPU
		{8B5353E9-48B8-4E31-A746-BB9C55A7D2D2}.Release|Any CPU.ActiveCfg = Release|Any CPU
		{8B5353E9-48B8-4E31-A746-BB9C55A7D2D2}.Release|Any CPU.Build.0 = Release|Any CPU
	EndGlobalSection
	GlobalSection(SolutionProperties) = preSolution
		HideSolutionNode = FALSE
	EndGlobalSection
EndGlobal
